
Microsoft Visual Studio Solution File, Format Version 12.00
# Visual Studio Version 16
VisualStudioVersion = 16.0.31911.196
MinimumVisualStudioVersion = 10.0.40219.1
Project("{FAE04EC0-301F-11D3-BF4B-00C04F79EFBC}") = "MedicalFull2", "MedicalFull2\MedicalFull2.csproj", "{0FBED5D3-C7FA-4EA4-B272-5F8A7E9DB41C}"
EndProject
Global
	GlobalSection(SolutionConfigurationPlatforms) = preSolution
		Debug|Any CPU = Debug|Any CPU
		Release|Any CPU = Release|Any CPU
	EndGlobalSection
	GlobalSection(ProjectConfigurationPlatforms) = postSolution
		{0FBED5D3-C7FA-4EA4-B272-5F8A7E9DB41C}.Debug|Any CPU.ActiveCfg = Debug|Any CPU
		{0FBED5D3-C7FA-4EA4-B272-5F8A7E9DB41C}.Debug|Any CPU.Build.0 = Debug|Any CPU
		{0FBED5D3-C7FA-4EA4-B272-5F8A7E9DB41C}.Release|Any CPU.ActiveCfg = Release|Any CPU
		{0FBED5D3-C7FA-4EA4-B272-5F8A7E9DB41C}.Release|Any CPU.Build.0 = Release|Any CPU
	EndGlobalSection
	GlobalSection(SolutionProperties) = preSolution
		HideSolutionNode = FALSE
	EndGlobalSection
	GlobalSection(ExtensibilityGlobals) = postSolution
		SolutionGuid = {D554667A-380F-44AF-90A1-0E9D08C3E3A9}
	EndGlobalSection
EndGlobal
